
Microsoft Visual Studio Solution File, Format Version 12.00
# Visual Studio 2013
VisualStudioVersion = 12.0.31101.0
MinimumVisualStudioVersion = 10.0.40219.1
Project("{FAE04EC0-301F-11D3-BF4B-00C04F79EFBC}") = "JXXY.WebUI", "JXXY.WebUI\JXXY.WebUI.csproj", "{4A30EA76-5E71-4B09-AAE0-60A41B5679D9}"
EndProject
Project("{FAE04EC0-301F-11D3-BF4B-00C04F79EFBC}") = "JXXY.Logic", "JXXY.Logic\JXXY.Logic.csproj", "{6612DB73-D5EA-43DE-AA6B-2472987D985B}"
EndProject
Project("{FAE04EC0-301F-11D3-BF4B-00C04F79EFBC}") = "JXXY.DataAccess", "JXXY.DataAccess\JXXY.DataAccess.csproj", "{4EED86DB-373F-4D46-AFC2-61B65FD50F43}"
EndProject
Project("{FAE04EC0-301F-11D3-BF4B-00C04F79EFBC}") = "JXXY.Helper", "JXXY.Helper\JXXY.Helper.csproj", "{1C250B15-BE56-449D-87B4-FD174955260A}"
EndProject
Global
	GlobalSection(SolutionConfigurationPlatforms) = preSolution
		Debug|Any CPU = Debug|Any CPU
		Release|Any CPU = Release|Any CPU
	EndGlobalSection
	GlobalSection(ProjectConfigurationPlatforms) = postSolution
		{4A30EA76-5E71-4B09-AAE0-60A41B5679D9}.Debug|Any CPU.ActiveCfg = Debug|Any CPU
		{4A30EA76-5E71-4B09-AAE0-60A41B5679D9}.Debug|Any CPU.Build.0 = Debug|Any CPU
		{4A30EA76-5E71-4B09-AAE0-60A41B5679D9}.Release|Any CPU.ActiveCfg = Release|Any CPU
		{4A30EA76-5E71-4B09-AAE0-60A41B5679D9}.Release|Any CPU.Build.0 = Release|Any CPU
		{6612DB73-D5EA-43DE-AA6B-2472987D985B}.Debug|Any CPU.ActiveCfg = Debug|Any CPU
		{6612DB73-D5EA-43DE-AA6B-2472987D985B}.Debug|Any CPU.Build.0 = Debug|Any CPU
		{6612DB73-D5EA-43DE-AA6B-2472987D985B}.Release|Any CPU.ActiveCfg = Release|Any CPU
		{6612DB73-D5EA-43DE-AA6B-2472987D985B}.Release|Any CPU.Build.0 = Release|Any CPU
		{4EED86DB-373F-4D46-AFC2-61B65FD50F43}.Debug|Any CPU.ActiveCfg = Debug|Any CPU
		{4EED86DB-373F-4D46-AFC2-61B65FD50F43}.Debug|Any CPU.Build.0 = Debug|Any CPU
		{4EED86DB-373F-4D46-AFC2-61B65FD50F43}.Release|Any CPU.ActiveCfg = Release|Any CPU
		{4EED86DB-373F-4D46-AFC2-61B65FD50F43}.Release|Any CPU.Build.0 = Release|Any CPU
		{1C250B15-BE56-449D-87B4-FD174955260A}.Debug|Any CPU.ActiveCfg = Debug|Any CPU
		{1C250B15-BE56-449D-87B4-FD174955260A}.Debug|Any CPU.Build.0 = Debug|Any CPU
		{1C250B15-BE56-449D-87B4-FD174955260A}.Release|Any CPU.ActiveCfg = Release|Any CPU
		{1C250B15-BE56-449D-87B4-FD174955260A}.Release|Any CPU.Build.0 = Release|Any CPU
	EndGlobalSection
	GlobalSection(SolutionProperties) = preSolution
		HideSolutionNode = FALSE
	EndGlobalSection
EndGlobal
